
Microsoft Visual Studio Solution File, Format Version 12.00
# Visual Studio Version 17
VisualStudioVersion = 17.0.32112.339
MinimumVisualStudioVersion = 10.0.40219.1
Project("{FAE04EC0-301F-11D3-BF4B-00C04F79EFBC}") = "WebsiteBanHang", "WebsiteBanDoGiaDung\WebsiteBanHang.csproj", "{77FA8AB9-6A6E-4D13-A733-98FB2D21F85F}"
EndProject
Project("{FAE04EC0-301F-11D3-BF4B-00C04F79EFBC}") = "MoMo", "MoMo\MoMo.csproj", "{EE8AE108-CE9C-4F9C-A135-C7F3BFB8A36A}"
EndProject
Global
	GlobalSection(SolutionConfigurationPlatforms) = preSolution
		Debug|Any CPU = Debug|Any CPU
		Release|Any CPU = Release|Any CPU
	EndGlobalSection
	GlobalSection(ProjectConfigurationPlatforms) = postSolution
		{77FA8AB9-6A6E-4D13-A733-98FB2D21F85F}.Debug|Any CPU.ActiveCfg = Debug|Any CPU
		{77FA8AB9-6A6E-4D13-A733-98FB2D21F85F}.Debug|Any CPU.Build.0 = Debug|Any CPU
		{77FA8AB9-6A6E-4D13-A733-98FB2D21F85F}.Release|Any CPU.ActiveCfg = Release|Any CPU
		{77FA8AB9-6A6E-4D13-A733-98FB2D21F85F}.Release|Any CPU.Build.0 = Release|Any CPU
		{EE8AE108-CE9C-4F9C-A135-C7F3BFB8A36A}.Debug|Any CPU.ActiveCfg = Debug|Any CPU
		{EE8AE108-CE9C-4F9C-A135-C7F3BFB8A36A}.Debug|Any CPU.Build.0 = Debug|Any CPU
		{EE8AE108-CE9C-4F9C-A135-C7F3BFB8A36A}.Release|Any CPU.ActiveCfg = Release|Any CPU
		{EE8AE108-CE9C-4F9C-A135-C7F3BFB8A36A}.Release|Any CPU.Build.0 = Release|Any CPU
	EndGlobalSection
	GlobalSection(SolutionProperties) = preSolution
		HideSolutionNode = FALSE
	EndGlobalSection
	GlobalSection(ExtensibilityGlobals) = postSolution
		SolutionGuid = {83C526A1-116C-4815-B79E-1EC0D1360EE7}
	EndGlobalSection
EndGlobal
